{
  "name": "ts",
  "version": "1.0.0",
  "lockfileVersion": 3,
  "requires": true,
  "packages": {
    "": {
      "name": "ts",
      "version": "1.0.0",
      "license": "ISC",
      "dependencies": {
        "@octokit/graphql": "^6.0.1"
      },
      "devDependencies": {
        "typescript": "^5.1.6"
      }
    },
    "node_modules/@octokit/endpoint": {
      "version": "8.0.1",
      "resolved": "https://registry.npmjs.org/@octokit/endpoint/-/endpoint-8.0.1.tgz",
      "integrity": "sha512-tVviBdPuf3kcCiIvXYDJg7NAJrkTh8QEnc+UCybknKdEBCjIi7uQbFX3liQrpk1m5PjwC7fUJg08DYZ4F+l1RQ==",
      "dependencies": {
        "@octokit/types": "^10.0.0",
        "is-plain-object": "^5.0.0",
        "universal-user-agent": "^6.0.0"
      },
      "engines": {
        "node": ">= 18"
      }
    },
    "node_modules/@octokit/graphql": {
      "version": "6.0.1",
      "resolved": "https://registry.npmjs.org/@octokit/graphql/-/graphql-6.0.1.tgz",
      "integrity": "sha512-d1VbBRGY4cQi7qV2SgoFvshKtqbTsQ135BmDDzoSaRrOPiTqKbfjBcPLeDAmKN/VlGtcRdJqvJ+Vshw16Hx84A==",
      "dependencies": {
        "@octokit/request": "^7.0.1",
        "@octokit/types": "^10.0.0",
        "universal-user-agent": "^6.0.0"
      },
      "engines": {
        "node": ">= 18"
      }
    },
    "node_modules/@octokit/openapi-types": {
      "version": "18.0.0",
      "resolved": "https://registry.npmjs.org/@octokit/openapi-types/-/openapi-types-18.0.0.tgz",
      "integrity": "sha512-V8GImKs3TeQRxRtXFpG2wl19V7444NIOTDF24AWuIbmNaNYOQMWRbjcGDXV5B+0n887fgDcuMNOmlul+k+oJtw=="
    },
    "node_modules/@octokit/request": {
      "version": "7.0.1",
      "resolved": "https://registry.npmjs.org/@octokit/request/-/request-7.0.1.tgz",
      "integrity": "sha512-R227pDk1fuQXuX17LU8ChzFyTOe/myHvvceBF3C/fFath+NlsVkHICOlvEbx+9EgYUl4uDH7VqTby00menlM8Q==",
      "dependencies": {
        "@octokit/endpoint": "^8.0.1",
        "@octokit/request-error": "^4.0.1",
        "@octokit/types": "^10.0.0",
        "is-plain-object": "^5.0.0",
        "universal-user-agent": "^6.0.0"
      },
      "engines": {
        "node": ">= 18"
      }
    },
    "node_modules/@octokit/request-error": {
      "version": "4.0.2",
      "resolved": "https://registry.npmjs.org/@octokit/request-error/-/request-error-4.0.2.tgz",
      "integrity": "sha512-uqwUEmZw3x4I9DGYq9fODVAAvcLsPQv97NRycP6syEFu5916M189VnNBW2zANNwqg3OiligNcAey7P0SET843w==",
      "dependencies": {
        "@octokit/types": "^10.0.0",
        "deprecation": "^2.0.0",
        "once": "^1.4.0"
      },
      "engines": {
        "node": ">= 18"
      }
    },
    "node_modules/@octokit/types": {
      "version": "10.0.0",
      "resolved": "https://registry.npmjs.org/@octokit/types/-/types-10.0.0.tgz",
      "integrity": "sha512-Vm8IddVmhCgU1fxC1eyinpwqzXPEYu0NrYzD3YZjlGjyftdLBTeqNblRC0jmJmgxbJIsQlyogVeGnrNaaMVzIg==",
      "dependencies": {
        "@octokit/openapi-types": "^18.0.0"
      }
    },
    "node_modules/deprecation": {
      "version": "2.3.1",
      "resolved": "https://registry.npmjs.org/deprecation/-/deprecation-2.3.1.tgz",
      "integrity": "sha512-xmHIy4F3scKVwMsQ4WnVaS8bHOx0DmVwRywosKhaILI0ywMDWPtBSku2HNxRvF7jtwDRsoEwYQSfbxj8b7RlJQ=="
    },
    "node_modules/is-plain-object": {
      "version": "5.0.0",
      "resolved": "https://registry.npmjs.org/is-plain-object/-/is-plain-object-5.0.0.tgz",
      "integrity": "sha512-VRSzKkbMm5jMDoKLbltAkFQ5Qr7VDiTFGXxYFXXowVj387GeGNOCsOH6Msy00SGZ3Fp84b1Naa1psqgcCIEP5Q==",
      "engines": {
        "node": ">=0.10.0"
      }
    },
    "node_modules/once": {
      "version": "1.4.0",
      "resolved": "https://registry.npmjs.org/once/-/once-1.4.0.tgz",
      "integrity": "sha512-lNaJgI+2Q5URQBkccEKHTQOPaXdUxnZZElQTZY0MFUAuaEqe1E+Nyvgdz/aIyNi6Z9MzO5dv1H8n58/GELp3+w==",
      "dependencies": {
        "wrappy": "1"
      }
    },
    "node_modules/typescript": {
      "version": "5.1.6",
      "resolved": "https://registry.npmjs.org/typescript/-/typescript-5.1.6.tgz",
      "integrity": "sha512-zaWCozRZ6DLEWAWFrVDz1H6FVXzUSfTy5FUMWsQlU8Ym5JP9eO4xkTIROFCQvhQf61z6O/G6ugw3SgAnvvm+HA==",
      "dev": true,
      "bin": {
        "tsc": "bin/tsc",
        "tsserver": "bin/tsserver"
      },
      "engines": {
        "node": ">=14.17"
      }
    },
    "node_modules/universal-user-agent": {
      "version": "6.0.0",
      "resolved": "https://registry.npmjs.org/universal-user-agent/-/universal-user-agent-6.0.0.tgz",
      "integrity": "sha512-isyNax3wXoKaulPDZWHQqbmIx1k2tb9fb3GGDBRxCscfYV2Ch7WxPArBsFEG8s/safwXTT7H4QGhaIkTp9447w=="
    },
    "node_modules/wrappy": {
      "version": "1.0.2",
      "resolved": "https://registry.npmjs.org/wrappy/-/wrappy-1.0.2.tgz",
      "integrity": "sha512-l4Sp/DRseor9wL6EvV2+TuQn63dMkPjZ/sp9XkghTEbV9KlPS1xUsZ3u7/IQO4wxtcFB4bgpQPRcR3QCvezPcQ=="
    }
  }
}
